
Microsoft Visual Studio Solution File, Format Version 12.00
# Visual Studio Version 16
VisualStudioVersion = 16.0.31313.79
MinimumVisualStudioVersion = 10.0.40219.1
Project("{FAE04EC0-301F-11D3-BF4B-00C04F79EFBC}") = "OrderReserverFunction", "OrderReserverFunction\OrderReserverFunction.csproj", "{63CFDB0E-F318-4632-A7FE-284B50071D7A}"
EndProject
Global
	GlobalSection(SolutionConfigurationPlatforms) = preSolution
		Debug|Any CPU = Debug|Any CPU
		Release|Any CPU = Release|Any CPU
	EndGlobalSection
	GlobalSection(ProjectConfigurationPlatforms) = postSolution
		{63CFDB0E-F318-4632-A7FE-284B50071D7A}.Debug|Any CPU.ActiveCfg = Debug|Any CPU
		{63CFDB0E-F318-4632-A7FE-284B50071D7A}.Debug|Any CPU.Build.0 = Debug|Any CPU
		{63CFDB0E-F318-4632-A7FE-284B50071D7A}.Release|Any CPU.ActiveCfg = Release|Any CPU
		{63CFDB0E-F318-4632-A7FE-284B50071D7A}.Release|Any CPU.Build.0 = Release|Any CPU
	EndGlobalSection
	GlobalSection(SolutionProperties) = preSolution
		HideSolutionNode = FALSE
	EndGlobalSection
	GlobalSection(ExtensibilityGlobals) = postSolution
		SolutionGuid = {22555728-1C56-417C-BB48-A89F55478CAF}
	EndGlobalSection
EndGlobal
